
Microsoft Visual Studio Solution File, Format Version 12.00
# Visual Studio Version 16
VisualStudioVersion = 16.0.32413.511
MinimumVisualStudioVersion = 10.0.40219.1
Project("{FAE04EC0-301F-11D3-BF4B-00C04F79EFBC}") = "uppgift 4-23", "uppgift 4-23\uppgift 4-23.csproj", "{394D2A51-CAF4-4C8E-9AEA-119B1BD71AD9}"
EndProject
Global
	GlobalSection(SolutionConfigurationPlatforms) = preSolution
		Debug|Any CPU = Debug|Any CPU
		Release|Any CPU = Release|Any CPU
	EndGlobalSection
	GlobalSection(ProjectConfigurationPlatforms) = postSolution
		{394D2A51-CAF4-4C8E-9AEA-119B1BD71AD9}.Debug|Any CPU.ActiveCfg = Debug|Any CPU
		{394D2A51-CAF4-4C8E-9AEA-119B1BD71AD9}.Debug|Any CPU.Build.0 = Debug|Any CPU
		{394D2A51-CAF4-4C8E-9AEA-119B1BD71AD9}.Release|Any CPU.ActiveCfg = Release|Any CPU
		{394D2A51-CAF4-4C8E-9AEA-119B1BD71AD9}.Release|Any CPU.Build.0 = Release|Any CPU
	EndGlobalSection
	GlobalSection(SolutionProperties) = preSolution
		HideSolutionNode = FALSE
	EndGlobalSection
	GlobalSection(ExtensibilityGlobals) = postSolution
		SolutionGuid = {59637E7A-1008-44EA-83C5-A13F9CC15A9C}
	EndGlobalSection
EndGlobal
